
Microsoft Visual Studio Solution File, Format Version 12.00
# Visual Studio Version 17
VisualStudioVersion = 17.8.34601.278
MinimumVisualStudioVersion = 10.0.40219.1
Project("{9A19103F-16F7-4668-BE54-9A1E7A4F7556}") = "Framework.Lib", "Framework.Lib\Framework.Lib.csproj", "{B079DA55-5F65-4B4B-A17C-F1EC3398476D}"
EndProject
Project("{FAE04EC0-301F-11D3-BF4B-00C04F79EFBC}") = "Framework.Demo", "Framework.Demo\Framework.Demo.csproj", "{15B86063-2E22-4BFF-A492-6DAC32D5ADD8}"
EndProject
Global
	GlobalSection(SolutionConfigurationPlatforms) = preSolution
		Debug|Any CPU = Debug|Any CPU
		Release|Any CPU = Release|Any CPU
	EndGlobalSection
	GlobalSection(ProjectConfigurationPlatforms) = postSolution
		{B079DA55-5F65-4B4B-A17C-F1EC3398476D}.Debug|Any CPU.ActiveCfg = Debug|Any CPU
		{B079DA55-5F65-4B4B-A17C-F1EC3398476D}.Debug|Any CPU.Build.0 = Debug|Any CPU
		{B079DA55-5F65-4B4B-A17C-F1EC3398476D}.Release|Any CPU.ActiveCfg = Release|Any CPU
		{B079DA55-5F65-4B4B-A17C-F1EC3398476D}.Release|Any CPU.Build.0 = Release|Any CPU
		{15B86063-2E22-4BFF-A492-6DAC32D5ADD8}.Debug|Any CPU.ActiveCfg = Debug|Any CPU
		{15B86063-2E22-4BFF-A492-6DAC32D5ADD8}.Debug|Any CPU.Build.0 = Debug|Any CPU
		{15B86063-2E22-4BFF-A492-6DAC32D5ADD8}.Release|Any CPU.ActiveCfg = Release|Any CPU
		{15B86063-2E22-4BFF-A492-6DAC32D5ADD8}.Release|Any CPU.Build.0 = Release|Any CPU
	EndGlobalSection
	GlobalSection(SolutionProperties) = preSolution
		HideSolutionNode = FALSE
	EndGlobalSection
	GlobalSection(ExtensibilityGlobals) = postSolution
		SolutionGuid = {15A56CE9-CD0E-483B-ABBE-09FD268FD802}
	EndGlobalSection
EndGlobal
